<?xml version="1.0" encoding="utf-8"?>
<Project ToolsVersion="4.0" xmlns="http://schemas.microsoft.com/developer/msbuild/2003">
  <ItemGroup>
    <Filter Include="Source Files">
      <UniqueIdentifier>{4FC737F1-C7A5-4376-A066-2A32D752A2FF}</UniqueIdentifier>
      <Extensions>cpp;c;cc;cxx;c++;cppm;ixx;def;odl;idl;hpj;bat;asm;asmx</Extensions>
    </Filter>
    <Filter Include="Header Files">
      <UniqueIdentifier>{93995380-89BD-4b04-88EB-625FBE52EBFB}</UniqueIdentifier>
      <Extensions>h;hh;hpp;hxx;h++;hm;inl;inc;ipp;xsd</Extensions>
    </Filter>
    <Filter Include="Resource Files">
      <UniqueIdentifier>{67DA6AB6-F800-4c08-8B7A-83BB121AAD01}</UniqueIdentifier>
      <Extensions>rc;ico;cur;bmp;dlg;rc2;rct;bin;rgs;gif;jpg;jpeg;jpe;resx;tiff;tif;png;wav;mfcribbon-ms</Extensions>
    </Filter>
    <Filter Include="Header Files\Screen">
      <UniqueIdentifier>{3bd6e1e0-6981-4ea2-a894-9805e8d8e3dc}</UniqueIdentifier>
    </Filter>
    <Filter Include="Header Files\MainScreen">
      <UniqueIdentifier>{56836300-ec0a-4dd3-9bbf-6b776c5d80d8}</UniqueIdentifier>
    </Filter>
    <Filter Include="Header Files\Player">
      <UniqueIdentifier>{413d371b-ca7b-4d49-b87a-17faf5b0ab8e}</UniqueIdentifier>
    </Filter>
    <Filter Include="Header Files\GameQizz">
      <UniqueIdentifier>{8bd4f416-11a2-495a-bb26-d6bdb03c667a}</UniqueIdentifier>
    </Filter>
    <Filter Include="Header Files\Lib">
      <UniqueIdentifier>{b86eae62-1f3b-4961-91f9-a079dcea38b0}</UniqueIdentifier>
    </Filter>
  </ItemGroup>
  <ItemGroup>
    <ClCompile Include="QuizzGame.cpp">
      <Filter>Source Files</Filter>
    </ClCompile>
    <ClCompile Include="ClsCppQizz.cpp">
      <Filter>Source Files</Filter>
    </ClCompile>
  </ItemGroup>
  <ItemGroup>
    <ClInclude Include="ClsScreen.h">
      <Filter>Header Files\Screen</Filter>
    </ClInclude>
    <ClInclude Include="ClsMainGameScreen.h">
      <Filter>Header Files\MainScreen</Filter>
    </ClInclude>
    <ClInclude Include="ClsPlayer.h">
      <Filter>Header Files\Player</Filter>
    </ClInclude>
    <ClInclude Include="ClsQuizzGame.h">
      <Filter>Header Files\GameQizz</Filter>
    </ClInclude>
    <ClInclude Include="ClsCppQizzScreen.h">
      <Filter>Header Files\Screen</Filter>
    </ClInclude>
    <ClInclude Include="ClsCSharpQizzScreen.h">
      <Filter>Header Files\Screen</Filter>
    </ClInclude>
    <ClInclude Include="ClsPHPQizzScreen.h">
      <Filter>Header Files\Screen</Filter>
    </ClInclude>
    <ClInclude Include="ClsDate.h">
      <Filter>Header Files\Lib</Filter>
    </ClInclude>
    <ClInclude Include="ClsQizzCpp.h">
      <Filter>Header Files</Filter>
    </ClInclude>
    <ClInclude Include="ClsShowCppQizz.h">
      <Filter>Header Files</Filter>
    </ClInclude>
  </ItemGroup>
</Project>